
Microsoft Visual Studio Solution File, Format Version 12.00
# Visual Studio Version 16
VisualStudioVersion = 16.0.31624.102
MinimumVisualStudioVersion = 10.0.40219.1
Project("{FAE04EC0-301F-11D3-BF4B-00C04F79EFBC}") = "SampleCSharpFramework", "SampleCSharpFramework\SampleCSharpFramework.csproj", "{DB57604A-6DA7-48DD-BE1B-15A34A57AA14}"
EndProject
Global
	GlobalSection(SolutionConfigurationPlatforms) = preSolution
		Debug|Any CPU = Debug|Any CPU
		Release|Any CPU = Release|Any CPU
	EndGlobalSection
	GlobalSection(ProjectConfigurationPlatforms) = postSolution
		{DB57604A-6DA7-48DD-BE1B-15A34A57AA14}.Debug|Any CPU.ActiveCfg = Debug|Any CPU
		{DB57604A-6DA7-48DD-BE1B-15A34A57AA14}.Debug|Any CPU.Build.0 = Debug|Any CPU
		{DB57604A-6DA7-48DD-BE1B-15A34A57AA14}.Release|Any CPU.ActiveCfg = Release|Any CPU
		{DB57604A-6DA7-48DD-BE1B-15A34A57AA14}.Release|Any CPU.Build.0 = Release|Any CPU
	EndGlobalSection
	GlobalSection(SolutionProperties) = preSolution
		HideSolutionNode = FALSE
	EndGlobalSection
	GlobalSection(ExtensibilityGlobals) = postSolution
		SolutionGuid = {312CED6B-977C-4BD1-9392-492EF2817F73}
	EndGlobalSection
EndGlobal
